
Microsoft Visual Studio Solution File, Format Version 12.00
# Visual Studio 14
VisualStudioVersion = 14.0.25420.1
MinimumVisualStudioVersion = 10.0.40219.1
Project("{FAE04EC0-301F-11D3-BF4B-00C04F79EFBC}") = "DAL", "DAL\DAL.csproj", "{E6FDB26E-3CBB-44A8-AA7C-AE2428B6EF84}"
EndProject
Project("{FAE04EC0-301F-11D3-BF4B-00C04F79EFBC}") = "Model", "Model\Model.csproj", "{51B06D2C-E6BF-47F1-A2B9-C974A183E7AB}"
EndProject
Project("{FAE04EC0-301F-11D3-BF4B-00C04F79EFBC}") = "BLL", "BLL\BLL.csproj", "{49A366B5-3ED9-4ABA-BA30-9E6B32AF6E93}"
EndProject
Project("{FAE04EC0-301F-11D3-BF4B-00C04F79EFBC}") = "FranXLoja", "FranXLoja\FranXLoja.csproj", "{73926126-6652-4268-94B8-6FAE017E92E9}"
EndProject
Project("{FAE04EC0-301F-11D3-BF4B-00C04F79EFBC}") = "WindowsFormPOO", "WindowsFormPOO\WindowsFormPOO.csproj", "{E8B84373-98D4-4B2C-BA20-1B5A3EA4E185}"
EndProject
Global
	GlobalSection(SolutionConfigurationPlatforms) = preSolution
		Debug|Any CPU = Debug|Any CPU
		Release|Any CPU = Release|Any CPU
	EndGlobalSection
	GlobalSection(ProjectConfigurationPlatforms) = postSolution
		{E6FDB26E-3CBB-44A8-AA7C-AE2428B6EF84}.Debug|Any CPU.ActiveCfg = Debug|Any CPU
		{E6FDB26E-3CBB-44A8-AA7C-AE2428B6EF84}.Debug|Any CPU.Build.0 = Debug|Any CPU
		{E6FDB26E-3CBB-44A8-AA7C-AE2428B6EF84}.Release|Any CPU.ActiveCfg = Release|Any CPU
		{E6FDB26E-3CBB-44A8-AA7C-AE2428B6EF84}.Release|Any CPU.Build.0 = Release|Any CPU
		{51B06D2C-E6BF-47F1-A2B9-C974A183E7AB}.Debug|Any CPU.ActiveCfg = Debug|Any CPU
		{51B06D2C-E6BF-47F1-A2B9-C974A183E7AB}.Debug|Any CPU.Build.0 = Debug|Any CPU
		{51B06D2C-E6BF-47F1-A2B9-C974A183E7AB}.Release|Any CPU.ActiveCfg = Release|Any CPU
		{51B06D2C-E6BF-47F1-A2B9-C974A183E7AB}.Release|Any CPU.Build.0 = Release|Any CPU
		{49A366B5-3ED9-4ABA-BA30-9E6B32AF6E93}.Debug|Any CPU.ActiveCfg = Debug|Any CPU
		{49A366B5-3ED9-4ABA-BA30-9E6B32AF6E93}.Debug|Any CPU.Build.0 = Debug|Any CPU
		{49A366B5-3ED9-4ABA-BA30-9E6B32AF6E93}.Release|Any CPU.ActiveCfg = Release|Any CPU
		{49A366B5-3ED9-4ABA-BA30-9E6B32AF6E93}.Release|Any CPU.Build.0 = Release|Any CPU
		{73926126-6652-4268-94B8-6FAE017E92E9}.Debug|Any CPU.ActiveCfg = Debug|Any CPU
		{73926126-6652-4268-94B8-6FAE017E92E9}.Debug|Any CPU.Build.0 = Debug|Any CPU
		{73926126-6652-4268-94B8-6FAE017E92E9}.Release|Any CPU.ActiveCfg = Release|Any CPU
		{73926126-6652-4268-94B8-6FAE017E92E9}.Release|Any CPU.Build.0 = Release|Any CPU
		{E8B84373-98D4-4B2C-BA20-1B5A3EA4E185}.Debug|Any CPU.ActiveCfg = Debug|Any CPU
		{E8B84373-98D4-4B2C-BA20-1B5A3EA4E185}.Debug|Any CPU.Build.0 = Debug|Any CPU
		{E8B84373-98D4-4B2C-BA20-1B5A3EA4E185}.Release|Any CPU.ActiveCfg = Release|Any CPU
		{E8B84373-98D4-4B2C-BA20-1B5A3EA4E185}.Release|Any CPU.Build.0 = Release|Any CPU
	EndGlobalSection
	GlobalSection(SolutionProperties) = preSolution
		HideSolutionNode = FALSE
	EndGlobalSection
EndGlobal
